{
  "name": "ThruColors",
  "lockfileVersion": 2,
  "requires": true,
  "packages": {
    "": {
      "dependencies": {
        "bootstrap-icons": "^1.8.1",
        "js-image-zoom": "^0.7.0",
        "sweetalert2": "^11.4.6",
        "swiper": "^8.0.7",
        "vanilla-datatables": "^1.6.16"
      }
    },
    "node_modules/bootstrap-icons": {
      "version": "1.8.1",
      "resolved": "https://registry.npmjs.org/bootstrap-icons/-/bootstrap-icons-1.8.1.tgz",
      "integrity": "sha512-IXUqislddPJfwq6H+2nTkHyr9epO9h6u1AG0OZCx616w+TgzeoCjfmI3qJMQqt1J586gN2IxzB4M99Ip4sTZ1w==",
      "engines": {
        "node": ">=10"
      }
    },
    "node_modules/dom7": {
      "version": "4.0.4",
      "resolved": "https://registry.npmjs.org/dom7/-/dom7-4.0.4.tgz",
      "integrity": "sha512-DSSgBzQ4rJWQp1u6o+3FVwMNnT5bzQbMb+o31TjYYeRi05uAcpF8koxdfzeoe5ElzPmua7W7N28YJhF7iEKqIw==",
      "dependencies": {
        "ssr-window": "^4.0.0"
      }
    },
    "node_modules/js-image-zoom": {
      "version": "0.7.0",
      "resolved": "https://registry.npmjs.org/js-image-zoom/-/js-image-zoom-0.7.0.tgz",
      "integrity": "sha512-csvn2FmRLjVz5O9AtXGRPKy0Khfcf5n2Vuyg1NyOVylcjzJ6IKN60JmZ/d5rVQvMya9V6tqAaCqj/c20PlUYpQ==",
      "engines": {
        "node": ">=0.8.0"
      }
    },
    "node_modules/ssr-window": {
      "version": "4.0.2",
      "resolved": "https://registry.npmjs.org/ssr-window/-/ssr-window-4.0.2.tgz",
      "integrity": "sha512-ISv/Ch+ig7SOtw7G2+qkwfVASzazUnvlDTwypdLoPoySv+6MqlOV10VwPSE6EWkGjhW50lUmghPmpYZXMu/+AQ=="
    },
    "node_modules/sweetalert2": {
      "version": "11.4.6",
      "resolved": "https://registry.npmjs.org/sweetalert2/-/sweetalert2-11.4.6.tgz",
      "integrity": "sha512-7UDJV8etrJQ6vJGh88k7D63qBKtwEl8JV7zIxmO2Frp8ZGQDgQQC6f9ivqiVwLRxoEyfxsn/v3T6Zykk7/vlEg==",
      "funding": {
        "type": "individual",
        "url": "https://sweetalert2.github.io/#donations"
      }
    },
    "node_modules/swiper": {
      "version": "8.0.7",
      "resolved": "https://registry.npmjs.org/swiper/-/swiper-8.0.7.tgz",
      "integrity": "sha512-GHjDfxSZdupfU7LrSVOpaNaT7R1D2zxopPGBFz1UOXOtsYvVJLg0k6NvkTAD7qn0ASl5pTti82qoYwvYvIkg4g==",
      "funding": [
        {
          "type": "patreon",
          "url": "https://www.patreon.com/swiperjs"
        },
        {
          "type": "open_collective",
          "url": "http://opencollective.com/swiper"
        }
      ],
      "hasInstallScript": true,
      "dependencies": {
        "dom7": "^4.0.4",
        "ssr-window": "^4.0.2"
      },
      "engines": {
        "node": ">= 4.7.0"
      }
    },
    "node_modules/vanilla-datatables": {
      "version": "1.6.16",
      "resolved": "https://registry.npmjs.org/vanilla-datatables/-/vanilla-datatables-1.6.16.tgz",
      "integrity": "sha512-XgxfNpHg+vN5icXd2wvaasG1uq4cTECNo5WU9QULlFV4EpGuSMMGKY6b8lq4QSWL1Zq4+g17e5X0fWmKwopWkw=="
    }
  },
  "dependencies": {
    "bootstrap-icons": {
      "version": "1.8.1",
      "resolved": "https://registry.npmjs.org/bootstrap-icons/-/bootstrap-icons-1.8.1.tgz",
      "integrity": "sha512-IXUqislddPJfwq6H+2nTkHyr9epO9h6u1AG0OZCx616w+TgzeoCjfmI3qJMQqt1J586gN2IxzB4M99Ip4sTZ1w=="
    },
    "dom7": {
      "version": "4.0.4",
      "resolved": "https://registry.npmjs.org/dom7/-/dom7-4.0.4.tgz",
      "integrity": "sha512-DSSgBzQ4rJWQp1u6o+3FVwMNnT5bzQbMb+o31TjYYeRi05uAcpF8koxdfzeoe5ElzPmua7W7N28YJhF7iEKqIw==",
      "requires": {
        "ssr-window": "^4.0.0"
      }
    },
    "js-image-zoom": {
      "version": "0.7.0",
      "resolved": "https://registry.npmjs.org/js-image-zoom/-/js-image-zoom-0.7.0.tgz",
      "integrity": "sha512-csvn2FmRLjVz5O9AtXGRPKy0Khfcf5n2Vuyg1NyOVylcjzJ6IKN60JmZ/d5rVQvMya9V6tqAaCqj/c20PlUYpQ=="
    },
    "ssr-window": {
      "version": "4.0.2",
      "resolved": "https://registry.npmjs.org/ssr-window/-/ssr-window-4.0.2.tgz",
      "integrity": "sha512-ISv/Ch+ig7SOtw7G2+qkwfVASzazUnvlDTwypdLoPoySv+6MqlOV10VwPSE6EWkGjhW50lUmghPmpYZXMu/+AQ=="
    },
    "sweetalert2": {
      "version": "11.4.6",
      "resolved": "https://registry.npmjs.org/sweetalert2/-/sweetalert2-11.4.6.tgz",
      "integrity": "sha512-7UDJV8etrJQ6vJGh88k7D63qBKtwEl8JV7zIxmO2Frp8ZGQDgQQC6f9ivqiVwLRxoEyfxsn/v3T6Zykk7/vlEg=="
    },
    "swiper": {
      "version": "8.0.7",
      "resolved": "https://registry.npmjs.org/swiper/-/swiper-8.0.7.tgz",
      "integrity": "sha512-GHjDfxSZdupfU7LrSVOpaNaT7R1D2zxopPGBFz1UOXOtsYvVJLg0k6NvkTAD7qn0ASl5pTti82qoYwvYvIkg4g==",
      "requires": {
        "dom7": "^4.0.4",
        "ssr-window": "^4.0.2"
      }
    },
    "vanilla-datatables": {
      "version": "1.6.16",
      "resolved": "https://registry.npmjs.org/vanilla-datatables/-/vanilla-datatables-1.6.16.tgz",
      "integrity": "sha512-XgxfNpHg+vN5icXd2wvaasG1uq4cTECNo5WU9QULlFV4EpGuSMMGKY6b8lq4QSWL1Zq4+g17e5X0fWmKwopWkw=="
    }
  }
}
